
Microsoft Visual Studio Solution File, Format Version 12.00
# Visual Studio Version 17
VisualStudioVersion = 17.9.34728.123
MinimumVisualStudioVersion = 10.0.40219.1
Project("{8BC9CEB8-8B4A-11D0-8D11-00A0C91BC942}") = "lab3", "lab3.vcxproj", "{459E3B56-0334-40E7-80F3-7B81832B54C4}"
EndProject
Global
	GlobalSection(SolutionConfigurationPlatforms) = preSolution
		Debug|x64 = Debug|x64
		Debug|x86 = Debug|x86
		Release|x64 = Release|x64
		Release|x86 = Release|x86
	EndGlobalSection
	GlobalSection(ProjectConfigurationPlatforms) = postSolution
		{459E3B56-0334-40E7-80F3-7B81832B54C4}.Debug|x64.ActiveCfg = Debug|x64
		{459E3B56-0334-40E7-80F3-7B81832B54C4}.Debug|x64.Build.0 = Debug|x64
		{459E3B56-0334-40E7-80F3-7B81832B54C4}.Debug|x86.ActiveCfg = Debug|Win32
		{459E3B56-0334-40E7-80F3-7B81832B54C4}.Debug|x86.Build.0 = Debug|Win32
		{459E3B56-0334-40E7-80F3-7B81832B54C4}.Release|x64.ActiveCfg = Release|x64
		{459E3B56-0334-40E7-80F3-7B81832B54C4}.Release|x64.Build.0 = Release|x64
		{459E3B56-0334-40E7-80F3-7B81832B54C4}.Release|x86.ActiveCfg = Release|Win32
		{459E3B56-0334-40E7-80F3-7B81832B54C4}.Release|x86.Build.0 = Release|Win32
	EndGlobalSection
	GlobalSection(SolutionProperties) = preSolution
		HideSolutionNode = FALSE
	EndGlobalSection
	GlobalSection(ExtensibilityGlobals) = postSolution
		SolutionGuid = {2EC3EFB3-EADE-40C1-B082-8CB9A72670E4}
	EndGlobalSection
EndGlobal
